
Microsoft Visual Studio Solution File, Format Version 12.00
# Visual Studio Version 16
VisualStudioVersion = 16.0.31829.152
MinimumVisualStudioVersion = 10.0.40219.1
Project("{9A19103F-16F7-4668-BE54-9A1E7A4F7556}") = "API", "API\API.csproj", "{0DC1BDAC-FACE-4A00-B7EF-8962166B57F1}"
EndProject
Project("{FAE04EC0-301F-11D3-BF4B-00C04F79EFBC}") = "Client", "Client\Client.csproj", "{CE7D7F1C-B7E3-467D-A369-2F674D3D5290}"
EndProject
Global
	GlobalSection(SolutionConfigurationPlatforms) = preSolution
		Debug|Any CPU = Debug|Any CPU
		Release|Any CPU = Release|Any CPU
	EndGlobalSection
	GlobalSection(ProjectConfigurationPlatforms) = postSolution
		{0DC1BDAC-FACE-4A00-B7EF-8962166B57F1}.Debug|Any CPU.ActiveCfg = Debug|Any CPU
		{0DC1BDAC-FACE-4A00-B7EF-8962166B57F1}.Debug|Any CPU.Build.0 = Debug|Any CPU
		{0DC1BDAC-FACE-4A00-B7EF-8962166B57F1}.Release|Any CPU.ActiveCfg = Release|Any CPU
		{0DC1BDAC-FACE-4A00-B7EF-8962166B57F1}.Release|Any CPU.Build.0 = Release|Any CPU
		{CE7D7F1C-B7E3-467D-A369-2F674D3D5290}.Debug|Any CPU.ActiveCfg = Debug|Any CPU
		{CE7D7F1C-B7E3-467D-A369-2F674D3D5290}.Debug|Any CPU.Build.0 = Debug|Any CPU
		{CE7D7F1C-B7E3-467D-A369-2F674D3D5290}.Release|Any CPU.ActiveCfg = Release|Any CPU
		{CE7D7F1C-B7E3-467D-A369-2F674D3D5290}.Release|Any CPU.Build.0 = Release|Any CPU
	EndGlobalSection
	GlobalSection(SolutionProperties) = preSolution
		HideSolutionNode = FALSE
	EndGlobalSection
	GlobalSection(ExtensibilityGlobals) = postSolution
		SolutionGuid = {E5B0866E-1184-4B0E-9A2E-D9E5530697F2}
	EndGlobalSection
EndGlobal
